
Microsoft Visual Studio Solution File, Format Version 12.00
# Visual Studio 15
VisualStudioVersion = 15.0.28010.2050
MinimumVisualStudioVersion = 10.0.40219.1
Project("{FAE04EC0-301F-11D3-BF4B-00C04F79EFBC}") = "StockHub", "StockHub\StockHub.csproj", "{742ED7F5-E9B6-4386-AD23-B6B34C77CECD}"
EndProject
Global
	GlobalSection(SolutionConfigurationPlatforms) = preSolution
		Debug|Any CPU = Debug|Any CPU
		Release|Any CPU = Release|Any CPU
	EndGlobalSection
	GlobalSection(ProjectConfigurationPlatforms) = postSolution
		{742ED7F5-E9B6-4386-AD23-B6B34C77CECD}.Debug|Any CPU.ActiveCfg = Debug|Any CPU
		{742ED7F5-E9B6-4386-AD23-B6B34C77CECD}.Debug|Any CPU.Build.0 = Debug|Any CPU
		{742ED7F5-E9B6-4386-AD23-B6B34C77CECD}.Release|Any CPU.ActiveCfg = Release|Any CPU
		{742ED7F5-E9B6-4386-AD23-B6B34C77CECD}.Release|Any CPU.Build.0 = Release|Any CPU
	EndGlobalSection
	GlobalSection(SolutionProperties) = preSolution
		HideSolutionNode = FALSE
	EndGlobalSection
	GlobalSection(ExtensibilityGlobals) = postSolution
		SolutionGuid = {7B8A6C2B-AAB1-49C0-A5D0-12FCCC793B85}
	EndGlobalSection
EndGlobal
